
Microsoft Visual Studio Solution File, Format Version 12.00
# Visual Studio 14
VisualStudioVersion = 14.0.23107.0
MinimumVisualStudioVersion = 10.0.40219.1
Project("{FAE04EC0-301F-11D3-BF4B-00C04F79EFBC}") = "01", "01_test\01.csproj", "{1D9E5028-48F6-41D3-A1F2-D716E390FDD8}"
EndProject
Project("{FAE04EC0-301F-11D3-BF4B-00C04F79EFBC}") = "02", "02\02.csproj", "{C919D147-2CE6-47A0-A8BD-56AA3C5B60A2}"
EndProject
Project("{FAE04EC0-301F-11D3-BF4B-00C04F79EFBC}") = "03", "03\03.csproj", "{37201515-CCB3-4395-8ED2-2DC2265080AA}"
EndProject
Project("{FAE04EC0-301F-11D3-BF4B-00C04F79EFBC}") = "04", "04\04.csproj", "{63F49440-5981-4FFA-9398-4C64FD3530E9}"
EndProject
Project("{FAE04EC0-301F-11D3-BF4B-00C04F79EFBC}") = "05", "05\05.csproj", "{96F9D38B-7A73-471F-9036-B9515A251081}"
EndProject
Global
	GlobalSection(SolutionConfigurationPlatforms) = preSolution
		Debug|Any CPU = Debug|Any CPU
		Release|Any CPU = Release|Any CPU
	EndGlobalSection
	GlobalSection(ProjectConfigurationPlatforms) = postSolution
		{1D9E5028-48F6-41D3-A1F2-D716E390FDD8}.Debug|Any CPU.ActiveCfg = Debug|Any CPU
		{1D9E5028-48F6-41D3-A1F2-D716E390FDD8}.Debug|Any CPU.Build.0 = Debug|Any CPU
		{1D9E5028-48F6-41D3-A1F2-D716E390FDD8}.Release|Any CPU.ActiveCfg = Release|Any CPU
		{1D9E5028-48F6-41D3-A1F2-D716E390FDD8}.Release|Any CPU.Build.0 = Release|Any CPU
		{C919D147-2CE6-47A0-A8BD-56AA3C5B60A2}.Debug|Any CPU.ActiveCfg = Debug|Any CPU
		{C919D147-2CE6-47A0-A8BD-56AA3C5B60A2}.Debug|Any CPU.Build.0 = Debug|Any CPU
		{C919D147-2CE6-47A0-A8BD-56AA3C5B60A2}.Release|Any CPU.ActiveCfg = Release|Any CPU
		{C919D147-2CE6-47A0-A8BD-56AA3C5B60A2}.Release|Any CPU.Build.0 = Release|Any CPU
		{37201515-CCB3-4395-8ED2-2DC2265080AA}.Debug|Any CPU.ActiveCfg = Debug|Any CPU
		{37201515-CCB3-4395-8ED2-2DC2265080AA}.Debug|Any CPU.Build.0 = Debug|Any CPU
		{37201515-CCB3-4395-8ED2-2DC2265080AA}.Release|Any CPU.ActiveCfg = Release|Any CPU
		{37201515-CCB3-4395-8ED2-2DC2265080AA}.Release|Any CPU.Build.0 = Release|Any CPU
		{63F49440-5981-4FFA-9398-4C64FD3530E9}.Debug|Any CPU.ActiveCfg = Debug|Any CPU
		{63F49440-5981-4FFA-9398-4C64FD3530E9}.Debug|Any CPU.Build.0 = Debug|Any CPU
		{63F49440-5981-4FFA-9398-4C64FD3530E9}.Release|Any CPU.ActiveCfg = Release|Any CPU
		{63F49440-5981-4FFA-9398-4C64FD3530E9}.Release|Any CPU.Build.0 = Release|Any CPU
		{96F9D38B-7A73-471F-9036-B9515A251081}.Debug|Any CPU.ActiveCfg = Debug|Any CPU
		{96F9D38B-7A73-471F-9036-B9515A251081}.Debug|Any CPU.Build.0 = Debug|Any CPU
		{96F9D38B-7A73-471F-9036-B9515A251081}.Release|Any CPU.ActiveCfg = Release|Any CPU
		{96F9D38B-7A73-471F-9036-B9515A251081}.Release|Any CPU.Build.0 = Release|Any CPU
	EndGlobalSection
	GlobalSection(SolutionProperties) = preSolution
		HideSolutionNode = FALSE
	EndGlobalSection
EndGlobal
